
Microsoft Visual Studio Solution File, Format Version 12.00
# Visual Studio Version 16
VisualStudioVersion = 16.0.31005.135
MinimumVisualStudioVersion = 10.0.40219.1
Project("{FAE04EC0-301F-11D3-BF4B-00C04F79EFBC}") = "SWK", "SWK\SWK.csproj", "{F02717B7-B199-4600-BDD2-2B23EE2B0638}"
EndProject
Project("{FAE04EC0-301F-11D3-BF4B-00C04F79EFBC}") = "SWK-Server", "SWK-Server\SWK-Server.csproj", "{133E4D20-81C5-4539-B0B4-4F3DDEA3495C}"
EndProject
Global
	GlobalSection(SolutionConfigurationPlatforms) = preSolution
		Debug|Any CPU = Debug|Any CPU
		Release|Any CPU = Release|Any CPU
	EndGlobalSection
	GlobalSection(ProjectConfigurationPlatforms) = postSolution
		{F02717B7-B199-4600-BDD2-2B23EE2B0638}.Debug|Any CPU.ActiveCfg = Debug|Any CPU
		{F02717B7-B199-4600-BDD2-2B23EE2B0638}.Debug|Any CPU.Build.0 = Debug|Any CPU
		{F02717B7-B199-4600-BDD2-2B23EE2B0638}.Release|Any CPU.ActiveCfg = Release|Any CPU
		{F02717B7-B199-4600-BDD2-2B23EE2B0638}.Release|Any CPU.Build.0 = Release|Any CPU
		{133E4D20-81C5-4539-B0B4-4F3DDEA3495C}.Debug|Any CPU.ActiveCfg = Debug|Any CPU
		{133E4D20-81C5-4539-B0B4-4F3DDEA3495C}.Debug|Any CPU.Build.0 = Debug|Any CPU
		{133E4D20-81C5-4539-B0B4-4F3DDEA3495C}.Release|Any CPU.ActiveCfg = Release|Any CPU
		{133E4D20-81C5-4539-B0B4-4F3DDEA3495C}.Release|Any CPU.Build.0 = Release|Any CPU
	EndGlobalSection
	GlobalSection(SolutionProperties) = preSolution
		HideSolutionNode = FALSE
	EndGlobalSection
	GlobalSection(ExtensibilityGlobals) = postSolution
		SolutionGuid = {183A9B19-7591-46E1-B3A7-693E783384BA}
	EndGlobalSection
EndGlobal
